
Microsoft Visual Studio Solution File, Format Version 12.00
# Visual Studio Version 16
VisualStudioVersion = 16.0.29230.61
MinimumVisualStudioVersion = 10.0.40219.1
Project("{9A19103F-16F7-4668-BE54-9A1E7A4F7556}") = "BlazorML", "BlazorML\BlazorML.csproj", "{8BDF3954-FA50-430B-8189-4CB6BA64CE3A}"
EndProject
Project("{9A19103F-16F7-4668-BE54-9A1E7A4F7556}") = "BlazorML.Model", "MLModel\BlazorML.Model.csproj", "{1EC6604E-B87A-4780-86CF-179ECDB37C7F}"
EndProject
Project("{9A19103F-16F7-4668-BE54-9A1E7A4F7556}") = "OnnxObjectDetection", "OnnxObjectDetection\OnnxObjectDetection.csproj", "{6225CDC5-F8D6-4035-AC0D-1F45C8FC05DA}"
EndProject
Global
	GlobalSection(SolutionConfigurationPlatforms) = preSolution
		Debug|Any CPU = Debug|Any CPU
		Release|Any CPU = Release|Any CPU
	EndGlobalSection
	GlobalSection(ProjectConfigurationPlatforms) = postSolution
		{8BDF3954-FA50-430B-8189-4CB6BA64CE3A}.Debug|Any CPU.ActiveCfg = Debug|Any CPU
		{8BDF3954-FA50-430B-8189-4CB6BA64CE3A}.Debug|Any CPU.Build.0 = Debug|Any CPU
		{8BDF3954-FA50-430B-8189-4CB6BA64CE3A}.Release|Any CPU.ActiveCfg = Release|Any CPU
		{8BDF3954-FA50-430B-8189-4CB6BA64CE3A}.Release|Any CPU.Build.0 = Release|Any CPU
		{1EC6604E-B87A-4780-86CF-179ECDB37C7F}.Debug|Any CPU.ActiveCfg = Debug|Any CPU
		{1EC6604E-B87A-4780-86CF-179ECDB37C7F}.Debug|Any CPU.Build.0 = Debug|Any CPU
		{1EC6604E-B87A-4780-86CF-179ECDB37C7F}.Release|Any CPU.ActiveCfg = Release|Any CPU
		{1EC6604E-B87A-4780-86CF-179ECDB37C7F}.Release|Any CPU.Build.0 = Release|Any CPU
		{6225CDC5-F8D6-4035-AC0D-1F45C8FC05DA}.Debug|Any CPU.ActiveCfg = Debug|Any CPU
		{6225CDC5-F8D6-4035-AC0D-1F45C8FC05DA}.Debug|Any CPU.Build.0 = Debug|Any CPU
		{6225CDC5-F8D6-4035-AC0D-1F45C8FC05DA}.Release|Any CPU.ActiveCfg = Release|Any CPU
		{6225CDC5-F8D6-4035-AC0D-1F45C8FC05DA}.Release|Any CPU.Build.0 = Release|Any CPU
	EndGlobalSection
	GlobalSection(SolutionProperties) = preSolution
		HideSolutionNode = FALSE
	EndGlobalSection
	GlobalSection(ExtensibilityGlobals) = postSolution
		SolutionGuid = {FD54EFDF-9E84-419B-BE61-9C62401BE9C6}
	EndGlobalSection
EndGlobal
